// !$*UTF8*$!
{
	archiveVersion = 1;
	classes = {
	};
	objectVersion = 46;
	objects = {

/* Begin PBXBuildFile section */
		1D96E76C19243D510011C86C /* Foundation.framework in Frameworks */ = {isa = PBXBuildFile; fileRef = 1D96E76B19243D510011C86C /* Foundation.framework */; };
		1D96E76E19243D510011C86C /* CoreGraphics.framework in Frameworks */ = {isa = PBXBuildFile; fileRef = 1D96E76D19243D510011C86C /* CoreGraphics.framework */; };
		1D96E77019243D510011C86C /* UIKit.framework in Frameworks */ = {isa = PBXBuildFile; fileRef = 1D96E76F19243D510011C86C /* UIKit.framework */; };
		1D96E77619243D510011C86C /* InfoPlist.strings in Resources */ = {isa = PBXBuildFile; fileRef = 1D96E77419243D510011C86C /* InfoPlist.strings */; };
		1D96E77819243D510011C86C /* main.m in Sources */ = {isa = PBXBuildFile; fileRef = 1D96E77719243D510011C86C /* main.m */; };
		1D96E77C19243D510011C86C /* CRSAppDelegate.m in Sources */ = {isa = PBXBuildFile; fileRef = 1D96E77B19243D510011C86C /* CRSAppDelegate.m */; };
		1D96E77F19243D510011C86C /* Main.storyboard in Resources */ = {isa = PBXBuildFile; fileRef = 1D96E77D19243D510011C86C /* Main.storyboard */; };
		1D96E78219243D510011C86C /* CRSViewController.m in Sources */ = {isa = PBXBuildFile; fileRef = 1D96E78119243D510011C86C /* CRSViewController.m */; };
		1D96E78419243D510011C86C /* Images.xcassets in Resources */ = {isa = PBXBuildFile; fileRef = 1D96E78319243D510011C86C /* Images.xcassets */; };
		1D96E78B19243D510011C86C /* XCTest.framework in Frameworks */ = {isa = PBXBuildFile; fileRef = 1D96E78A19243D510011C86C /* XCTest.framework */; };
		1D96E78C19243D510011C86C /* Foundation.framework in Frameworks */ = {isa = PBXBuildFile; fileRef = 1D96E76B19243D510011C86C /* Foundation.framework */; };
		1D96E78D19243D510011C86C /* UIKit.framework in Frameworks */ = {isa = PBXBuildFile; fileRef = 1D96E76F19243D510011C86C /* UIKit.framework */; };
		1D96E79519243D520011C86C /* InfoPlist.strings in Resources */ = {isa = PBXBuildFile; fileRef = 1D96E79319243D520011C86C /* InfoPlist.strings */; };
		1D96E79719243D520011C86C /* RecipeTests.m in Sources */ = {isa = PBXBuildFile; fileRef = 1D96E79619243D520011C86C /* RecipeTests.m */; };
/* End PBXBuildFile section */

/* Begin PBXContainerItemProxy section */
		1D96E78E19243D510011C86C /* PBXContainerItemProxy */ = {
			isa = PBXContainerItemProxy;
			containerPortal = 1D96E76019243D510011C86C /* Project object */;
			proxyType = 1;
			remoteGlobalIDString = 1D96E76719243D510011C86C;
			remoteInfo = Recipe;
		};
/* End PBXContainerItemProxy section */

/* Begin PBXFileReference section */
		1D96E76819243D510011C86C /* Recipe.app */ = {isa = PBXFileReference; explicitFileType = wrapper.application; includeInIndex = 0; path = Recipe.app; sourceTree = BUILT_PRODUCTS_DIR; };
		1D96E76B19243D510011C86C /* Foundation.framework */ = {isa = PBXFileReference; lastKnownFileType = wrapper.framework; name = Foundation.framework; path = System/Library/Frameworks/Foundation.framework; sourceTree = SDKROOT; };
		1D96E76D19243D510011C86C /* CoreGraphics.framework */ = {isa = PBXFileReference; lastKnownFileType = wrapper.framework; name = CoreGraphics.framework; path = System/Library/Frameworks/CoreGraphics.framework; sourceTree = SDKROOT; };
		1D96E76F19243D510011C86C /* UIKit.framework */ = {isa = PBXFileReference; lastKnownFileType = wrapper.framework; name = UIKit.framework; path = System/Library/Frameworks/UIKit.framework; sourceTree = SDKROOT; };
		1D96E77319243D510011C86C /* Recipe-Info.plist */ = {isa = PBXFileReference; lastKnownFileType = text.plist.xml; path = "Recipe-Info.plist"; sourceTree = "<group>"; };
		1D96E77519243D510011C86C /* en */ = {isa = PBXFileReference; lastKnownFileType = text.plist.strings; name = en; path = en.lproj/InfoPlist.strings; sourceTree = "<group>"; };
		1D96E77719243D510011C86C /* main.m */ = {isa = PBXFileReference; lastKnownFileType = sourcecode.c.objc; path = main.m; sourceTree = "<group>"; };
		1D96E77919243D510011C86C /* Recipe-Prefix.pch */ = {isa = PBXFileReference; lastKnownFileType = sourcecode.c.h; path = "Recipe-Prefix.pch"; sourceTree = "<group>"; };
		1D96E77A19243D510011C86C /* CRSAppDelegate.h */ = {isa = PBXFileReference; lastKnownFileType = sourcecode.c.h; path = CRSAppDelegate.h; sourceTree = "<group>"; };
		1D96E77B19243D510011C86C /* CRSAppDelegate.m */ = {isa = PBXFileReference; lastKnownFileType = sourcecode.c.objc; path = CRSAppDelegate.m; sourceTree = "<group>"; };
		1D96E77E19243D510011C86C /* Base */ = {isa = PBXFileReference; lastKnownFileType = file.storyboard; name = Base; path = Base.lproj/Main.storyboard; sourceTree = "<group>"; };
		1D96E78019243D510011C86C /* CRSViewController.h */ = {isa = PBXFileReference; lastKnownFileType = sourcecode.c.h; path = CRSViewController.h; sourceTree = "<group>"; };
		1D96E78119243D510011C86C /* CRSViewController.m */ = {isa = PBXFileReference; lastKnownFileType = sourcecode.c.objc; path = CRSViewController.m; sourceTree = "<group>"; };
		1D96E78319243D510011C86C /* Images.xcassets */ = {isa = PBXFileReference; lastKnownFileType = folder.assetcatalog; path = Images.xcassets; sourceTree = "<group>"; };
		1D96E78919243D510011C86C /* RecipeTests.xctest */ = {isa = PBXFileReference; explicitFileType = wrapper.cfbundle; includeInIndex = 0; path = RecipeTests.xctest; sourceTree = BUILT_PRODUCTS_DIR; };
		1D96E78A19243D510011C86C /* XCTest.framework */ = {isa = PBXFileReference; lastKnownFileType = wrapper.framework; name = XCTest.framework; path = Library/Frameworks/XCTest.framework; sourceTree = DEVELOPER_DIR; };
		1D96E79219243D520011C86C /* RecipeTests-Info.plist */ = {isa = PBXFileReference; lastKnownFileType = text.plist.xml; path = "RecipeTests-Info.plist"; sourceTree = "<group>"; };
		1D96E79419243D520011C86C /* en */ = {isa = PBXFileReference; lastKnownFileType = text.plist.strings; name = en; path = en.lproj/InfoPlist.strings; sourceTree = "<group>"; };
		1D96E79619243D520011C86C /* RecipeTests.m */ = {isa = PBXFileReference; lastKnownFileType = sourcecode.c.objc; path = RecipeTests.m; sourceTree = "<group>"; };
/* End PBXFileReference section */

/* Begin PBXFrameworksBuildPhase section */
		1D96E76519243D510011C86C /* Frameworks */ = {
			isa = PBXFrameworksBuildPhase;
			buildActionMask = 2147483647;
			files = (
				1D96E76E19243D510011C86C /* CoreGraphics.framework in Frameworks */,
				1D96E77019243D510011C86C /* UIKit.framework in Frameworks */,
				1D96E76C19243D510011C86C /* Foundation.framework in Frameworks */,
			);
			runOnlyForDeploymentPostprocessing = 0;
		};
		1D96E78619243D510011C86C /* Frameworks */ = {
			isa = PBXFrameworksBuildPhase;
			buildActionMask = 2147483647;
			files = (
				1D96E78B19243D510011C86C /* XCTest.framework in Frameworks */,
				1D96E78D19243D510011C86C /* UIKit.framework in Frameworks */,
				1D96E78C19243D510011C86C /* Foundation.framework in Frameworks */,
			);
			runOnlyForDeploymentPostprocessing = 0;
		};
/* End PBXFrameworksBuildPhase section */

/* Begin PBXGroup section */
		1D96E75F19243D510011C86C = {
			isa = PBXGroup;
			children = (
				1D96E77119243D510011C86C /* Recipe */,
				1D96E79019243D510011C86C /* RecipeTests */,
				1D96E76A19243D510011C86C /* Frameworks */,
				1D96E76919243D510011C86C /* Products */,
			);
			sourceTree = "<group>";
		};
		1D96E76919243D510011C86C /* Products */ = {
			isa = PBXGroup;
			children = (
				1D96E76819243D510011C86C /* Recipe.app */,
				1D96E78919243D510011C86C /* RecipeTests.xctest */,
			);
			name = Products;
			sourceTree = "<group>";
		};
		1D96E76A19243D510011C86C /* Frameworks */ = {
			isa = PBXGroup;
			children = (
				1D96E76B19243D510011C86C /* Foundation.framework */,
				1D96E76D19243D510011C86C /* CoreGraphics.framework */,
				1D96E76F19243D510011C86C /* UIKit.framework */,
				1D96E78A19243D510011C86C /* XCTest.framework */,
			);
			name = Frameworks;
			sourceTree = "<group>";
		};
		1D96E77119243D510011C86C /* Recipe */ = {
			isa = PBXGroup;
			children = (
				1D96E77A19243D510011C86C /* CRSAppDelegate.h */,
				1D96E77B19243D510011C86C /* CRSAppDelegate.m */,
				1D96E77D19243D510011C86C /* Main.storyboard */,
				1D96E78019243D510011C86C /* CRSViewController.h */,
				1D96E78119243D510011C86C /* CRSViewController.m */,
				1D96E78319243D510011C86C /* Images.xcassets */,
				1D96E77219243D510011C86C /* Supporting Files */,
			);
			path = Recipe;
			sourceTree = "<group>";
		};
		1D96E77219243D510011C86C /* Supporting Files */ = {
			isa = PBXGroup;
			children = (
				1D96E77319243D510011C86C /* Recipe-Info.plist */,
				1D96E77419243D510011C86C /* InfoPlist.strings */,
				1D96E77719243D510011C86C /* main.m */,
				1D96E77919243D510011C86C /* Recipe-Prefix.pch */,
			);
			name = "Supporting Files";
			sourceTree = "<group>";
		};
		1D96E79019243D510011C86C /* RecipeTests */ = {
			isa = PBXGroup;
			children = (
				1D96E79619243D520011C86C /* RecipeTests.m */,
				1D96E79119243D510011C86C /* Supporting Files */,
			);
			path = RecipeTests;
			sourceTree = "<group>";
		};
		1D96E79119243D510011C86C /* Supporting Files */ = {
			isa = PBXGroup;
			children = (
				1D96E79219243D520011C86C /* RecipeTests-Info.plist */,
				1D96E79319243D520011C86C /* InfoPlist.strings */,
			);
			name = "Supporting Files";
			sourceTree = "<group>";
		};
/* End PBXGroup section */

/* Begin PBXNativeTarget section */
		1D96E76719243D510011C86C /* Recipe */ = {
			isa = PBXNativeTarget;
			buildConfigurationList = 1D96E79A19243D520011C86C /* Build configuration list for PBXNativeTarget "Recipe" */;
			buildPhases = (
				1D96E76419243D510011C86C /* Sources */,
				1D96E76519243D510011C86C /* Frameworks */,
				1D96E76619243D510011C86C /* Resources */,
			);
			buildRules = (
			);
			dependencies = (
			);
			name = Recipe;
			productName = Recipe;
			productReference = 1D96E76819243D510011C86C /* Recipe.app */;
			productType = "com.apple.product-type.application";
		};
		1D96E78819243D510011C86C /* RecipeTests */ = {
			isa = PBXNativeTarget;
			buildConfigurationList = 1D96E79D19243D520011C86C /* Build configuration list for PBXNativeTarget "RecipeTests" */;
			buildPhases = (
				1D96E78519243D510011C86C /* Sources */,
				1D96E78619243D510011C86C /* Frameworks */,
				1D96E78719243D510011C86C /* Resources */,
			);
			buildRules = (
			);
			dependencies = (
				1D96E78F19243D510011C86C /* PBXTargetDependency */,
			);
			name = RecipeTests;
			productName = RecipeTests;
			productReference = 1D96E78919243D510011C86C /* RecipeTests.xctest */;
			productType = "com.apple.product-type.bundle.unit-test";
		};
/* End PBXNativeTarget section */

/* Begin PBXProject section */
		1D96E76019243D510011C86C /* Project object */ = {
			isa = PBXProject;
			attributes = {
				CLASSPREFIX = CRS;
				LastUpgradeCheck = 0510;
				ORGANIZATIONNAME = RoxeLabs;
				TargetAttributes = {
					1D96E78819243D510011C86C = {
						TestTargetID = 1D96E76719243D510011C86C;
					};
				};
			};
			buildConfigurationList = 1D96E76319243D510011C86C /* Build configuration list for PBXProject "Recipe" */;
			compatibilityVersion = "Xcode 3.2";
			developmentRegion = English;
			hasScannedForEncodings = 0;
			knownRegions = (
				en,
				Base,
			);
			mainGroup = 1D96E75F19243D510011C86C;
			productRefGroup = 1D96E76919243D510011C86C /* Products */;
			projectDirPath = "";
			projectRoot = "";
			targets = (
				1D96E76719243D510011C86C /* Recipe */,
				1D96E78819243D510011C86C /* RecipeTests */,
			);
		};
/* End PBXProject section */

/* Begin PBXResourcesBuildPhase section */
		1D96E76619243D510011C86C /* Resources */ = {
			isa = PBXResourcesBuildPhase;
			buildActionMask = 2147483647;
			files = (
				1D96E78419243D510011C86C /* Images.xcassets in Resources */,
				1D96E77619243D510011C86C /* InfoPlist.strings in Resources */,
				1D96E77F19243D510011C86C /* Main.storyboard in Resources */,
			);
			runOnlyForDeploymentPostprocessing = 0;
		};
		1D96E78719243D510011C86C /* Resources */ = {
			isa = PBXResourcesBuildPhase;
			buildActionMask = 2147483647;
			files = (
				1D96E79519243D520011C86C /* InfoPlist.strings in Resources */,
			);
			runOnlyForDeploymentPostprocessing = 0;
		};
/* End PBXResourcesBuildPhase section */

/* Begin PBXSourcesBuildPhase section */
		1D96E76419243D510011C86C /* Sources */ = {
			isa = PBXSourcesBuildPhase;
			buildActionMask = 2147483647;
			files = (
				1D96E77819243D510011C86C /* main.m in Sources */,
				1D96E78219243D510011C86C /* CRSViewController.m in Sources */,
				1D96E77C19243D510011C86C /* CRSAppDelegate.m in Sources */,
			);
			runOnlyForDeploymentPostprocessing = 0;
		};
		1D96E78519243D510011C86C /* Sources */ = {
			isa = PBXSourcesBuildPhase;
			buildActionMask = 2147483647;
			files = (
				1D96E79719243D520011C86C /* RecipeTests.m in Sources */,
			);
			runOnlyForDeploymentPostprocessing = 0;
		};
/* End PBXSourcesBuildPhase section */

/* Begin PBXTargetDependency section */
		1D96E78F19243D510011C86C /* PBXTargetDependency */ = {
			isa = PBXTargetDependency;
			target = 1D96E76719243D510011C86C /* Recipe */;
			targetProxy = 1D96E78E19243D510011C86C /* PBXContainerItemProxy */;
		};
/* End PBXTargetDependency section */

/* Begin PBXVariantGroup section */
		1D96E77419243D510011C86C /* InfoPlist.strings */ = {
			isa = PBXVariantGroup;
			children = (
				1D96E77519243D510011C86C /* en */,
			);
			name = InfoPlist.strings;
			sourceTree = "<group>";
		};
		1D96E77D19243D510011C86C /* Main.storyboard */ = {
			isa = PBXVariantGroup;
			children = (
				1D96E77E19243D510011C86C /* Base */,
			);
			name = Main.storyboard;
			sourceTree = "<group>";
		};
		1D96E79319243D520011C86C /* InfoPlist.strings */ = {
			isa = PBXVariantGroup;
			children = (
				1D96E79419243D520011C86C /* en */,
			);
			name = InfoPlist.strings;
			sourceTree = "<group>";
		};
/* End PBXVariantGroup section */

/* Begin XCBuildConfiguration section */
		1D96E79819243D520011C86C /* Debug */ = {
			isa = XCBuildConfiguration;
			buildSettings = {
				ALWAYS_SEARCH_USER_PATHS = NO;
				CLANG_CXX_LANGUAGE_STANDARD = "gnu++0x";
				CLANG_CXX_LIBRARY = "libc++";
				CLANG_ENABLE_MODULES = YES;
				CLANG_ENABLE_OBJC_ARC = YES;
				CLANG_WARN_BOOL_CONVERSION = YES;
				CLANG_WARN_CONSTANT_CONVERSION = YES;
				CLANG_WARN_DIRECT_OBJC_ISA_USAGE = YES_ERROR;
				CLANG_WARN_EMPTY_BODY = YES;
				CLANG_WARN_ENUM_CONVERSION = YES;
				CLANG_WARN_INT_CONVERSION = YES;
				CLANG_WARN_OBJC_ROOT_CLASS = YES_ERROR;
				CLANG_WARN__DUPLICATE_METHOD_MATCH = YES;
				"CODE_SIGN_IDENTITY[sdk=iphoneos*]" = "iPhone Developer";
				COPY_PHASE_STRIP = NO;
				GCC_C_LANGUAGE_STANDARD = gnu99;
				GCC_DYNAMIC_NO_PIC = NO;
				GCC_OPTIMIZATION_LEVEL = 0;
				GCC_PREPROCESSOR_DEFINITIONS = (
					"DEBUG=1",
					"$(inherited)",
				);
				GCC_SYMBOLS_PRIVATE_EXTERN = NO;
				GCC_WARN_64_TO_32_BIT_CONVERSION = YES;
				GCC_WARN_ABOUT_RETURN_TYPE = YES_ERROR;
				GCC_WARN_UNDECLARED_SELECTOR = YES;
				GCC_WARN_UNINITIALIZED_AUTOS = YES_AGGRESSIVE;
				GCC_WARN_UNUSED_FUNCTION = YES;
				GCC_WARN_UNUSED_VARIABLE = YES;
				IPHONEOS_DEPLOYMENT_TARGET = 7.1;
				ONLY_ACTIVE_ARCH = YES;
				SDKROOT = iphoneos;
			};
			name = Debug;
		};
		1D96E79919243D520011C86C /* Release */ = {
			isa = XCBuildConfiguration;
			buildSettings = {
				ALWAYS_SEARCH_USER_PATHS = NO;
				CLANG_CXX_LANGUAGE_STANDARD = "gnu++0x";
				CLANG_CXX_LIBRARY = "libc++";
				CLANG_ENABLE_MODULES = YES;
				CLANG_ENABLE_OBJC_ARC = YES;
				CLANG_WARN_BOOL_CONVERSION = YES;
				CLANG_WARN_CONSTANT_CONVERSION = YES;
				CLANG_WARN_DIRECT_OBJC_ISA_USAGE = YES_ERROR;
				CLANG_WARN_EMPTY_BODY = YES;
				CLANG_WARN_ENUM_CONVERSION = YES;
				CLANG_WARN_INT_CONVERSION = YES;
				CLANG_WARN_OBJC_ROOT_CLASS = YES_ERROR;
				CLANG_WARN__DUPLICATE_METHOD_MATCH = YES;
				"CODE_SIGN_IDENTITY[sdk=iphoneos*]" = "iPhone Developer";
				COPY_PHASE_STRIP = YES;
				ENABLE_NS_ASSERTIONS = NO;
				GCC_C_LANGUAGE_STANDARD = gnu99;
				GCC_WARN_64_TO_32_BIT_CONVERSION = YES;
				GCC_WARN_ABOUT_RETURN_TYPE = YES_ERROR;
				GCC_WARN_UNDECLARED_SELECTOR = YES;
				GCC_WARN_UNINITIALIZED_AUTOS = YES_AGGRESSIVE;
				GCC_WARN_UNUSED_FUNCTION = YES;
				GCC_WARN_UNUSED_VARIABLE = YES;
				IPHONEOS_DEPLOYMENT_TARGET = 7.1;
				SDKROOT = iphoneos;
				VALIDATE_PRODUCT = YES;
			};
			name = Release;
		};
		1D96E79B19243D520011C86C /* Debug */ = {
			isa = XCBuildConfiguration;
			buildSettings = {
				ASSETCATALOG_COMPILER_APPICON_NAME = AppIcon;
				ASSETCATALOG_COMPILER_LAUNCHIMAGE_NAME = LaunchImage;
				GCC_PRECOMPILE_PREFIX_HEADER = YES;
				GCC_PREFIX_HEADER = "Recipe/Recipe-Prefix.pch";
				INFOPLIST_FILE = "Recipe/Recipe-Info.plist";
				PRODUCT_NAME = "$(TARGET_NAME)";
				WRAPPER_EXTENSION = app;
			};
			name = Debug;
		};
		1D96E79C19243D520011C86C /* Release */ = {
			isa = XCBuildConfiguration;
			buildSettings = {
				ASSETCATALOG_COMPILER_APPICON_NAME = AppIcon;
				ASSETCATALOG_COMPILER_LAUNCHIMAGE_NAME = LaunchImage;
				GCC_PRECOMPILE_PREFIX_HEADER = YES;
				GCC_PREFIX_HEADER = "Recipe/Recipe-Prefix.pch";
				INFOPLIST_FILE = "Recipe/Recipe-Info.plist";
				PRODUCT_NAME = "$(TARGET_NAME)";
				WRAPPER_EXTENSION = app;
			};
			name = Release;
		};
		1D96E79E19243D520011C86C /* Debug */ = {
			isa = XCBuildConfiguration;
			buildSettings = {
				BUNDLE_LOADER = "$(BUILT_PRODUCTS_DIR)/Recipe.app/Recipe";
				FRAMEWORK_SEARCH_PATHS = (
					"$(SDKROOT)/Developer/Library/Frameworks",
					"$(inherited)",
					"$(DEVELOPER_FRAMEWORKS_DIR)",
				);
				GCC_PRECOMPILE_PREFIX_HEADER = YES;
				GCC_PREFIX_HEADER = "Recipe/Recipe-Prefix.pch";
				GCC_PREPROCESSOR_DEFINITIONS = (
					"DEBUG=1",
					"$(inherited)",
				);
				INFOPLIST_FILE = "RecipeTests/RecipeTests-Info.plist";
				PRODUCT_NAME = "$(TARGET_NAME)";
				TEST_HOST = "$(BUNDLE_LOADER)";
				WRAPPER_EXTENSION = xctest;
			};
			name = Debug;
		};
		1D96E79F19243D520011C86C /* Release */ = {
			isa = XCBuildConfiguration;
			buildSettings = {
				BUNDLE_LOADER = "$(BUILT_PRODUCTS_DIR)/Recipe.app/Recipe";
				FRAMEWORK_SEARCH_PATHS = (
					"$(SDKROOT)/Developer/Library/Frameworks",
					"$(inherited)",
					"$(DEVELOPER_FRAMEWORKS_DIR)",
				);
				GCC_PRECOMPILE_PREFIX_HEADER = YES;
				GCC_PREFIX_HEADER = "Recipe/Recipe-Prefix.pch";
				INFOPLIST_FILE = "RecipeTests/RecipeTests-Info.plist";
				PRODUCT_NAME = "$(TARGET_NAME)";
				TEST_HOST = "$(BUNDLE_LOADER)";
				WRAPPER_EXTENSION = xctest;
			};
			name = Release;
		};
/* End XCBuildConfiguration section */

/* Begin XCConfigurationList section */
		1D96E76319243D510011C86C /* Build configuration list for PBXProject "Recipe" */ = {
			isa = XCConfigurationList;
			buildConfigurations = (
				1D96E79819243D520011C86C /* Debug */,
				1D96E79919243D520011C86C /* Release */,
			);
			defaultConfigurationIsVisible = 0;
			defaultConfigurationName = Release;
		};
		1D96E79A19243D520011C86C /* Build configuration list for PBXNativeTarget "Recipe" */ = {
			isa = XCConfigurationList;
			buildConfigurations = (
				1D96E79B19243D520011C86C /* Debug */,
				1D96E79C19243D520011C86C /* Release */,
			);
			defaultConfigurationIsVisible = 0;
		};
		1D96E79D19243D520011C86C /* Build configuration list for PBXNativeTarget "RecipeTests" */ = {
			isa = XCConfigurationList;
			buildConfigurations = (
				1D96E79E19243D520011C86C /* Debug */,
				1D96E79F19243D520011C86C /* Release */,
			);
			defaultConfigurationIsVisible = 0;
		};
/* End XCConfigurationList section */
	};
	rootObject = 1D96E76019243D510011C86C /* Project object */;
}
